// !$*UTF8*$!
{
	archiveVersion = 1;
	classes = {
	};
	objectVersion = 50;
	objects = {

/* Begin PBXBuildFile section */
		DEECFE94254BEDED00759228 /* AppDelegate.swift in Sources */ = {isa = PBXBuildFile; fileRef = DEECFE93254BEDED00759228 /* AppDelegate.swift */; };
		DEECFE96254BEDED00759228 /* SceneDelegate.swift in Sources */ = {isa = PBXBuildFile; fileRef = DEECFE95254BEDED00759228 /* SceneDelegate.swift */; };
		DEECFE98254BEDED00759228 /* ViewController.swift in Sources */ = {isa = PBXBuildFile; fileRef = DEECFE97254BEDED00759228 /* ViewController.swift */; };
		DEECFE9B254BEDED00759228 /* Main.storyboard in Resources */ = {isa = PBXBuildFile; fileRef = DEECFE99254BEDED00759228 /* Main.storyboard */; };
		DEECFE9D254BEDEF00759228 /* Assets.xcassets in Resources */ = {isa = PBXBuildFile; fileRef = DEECFE9C254BEDEF00759228 /* Assets.xcassets */; };
		DEECFEA0254BEDEF00759228 /* LaunchScreen.storyboard in Resources */ = {isa = PBXBuildFile; fileRef = DEECFE9E254BEDEF00759228 /* LaunchScreen.storyboard */; };
		DEECFEA8254BEE3A00759228 /* RoundButton.swift in Sources */ = {isa = PBXBuildFile; fileRef = DEECFEA7254BEE3A00759228 /* RoundButton.swift */; };
/* End PBXBuildFile section */

/* Begin PBXFileReference section */
		DEECFE90254BEDED00759228 /* Rounded Buttons.app */ = {isa = PBXFileReference; explicitFileType = wrapper.application; includeInIndex = 0; path = "Rounded Buttons.app"; sourceTree = BUILT_PRODUCTS_DIR; };
		DEECFE93254BEDED00759228 /* AppDelegate.swift */ = {isa = PBXFileReference; lastKnownFileType = sourcecode.swift; path = AppDelegate.swift; sourceTree = "<group>"; };
		DEECFE95254BEDED00759228 /* SceneDelegate.swift */ = {isa = PBXFileReference; lastKnownFileType = sourcecode.swift; path = SceneDelegate.swift; sourceTree = "<group>"; };
		DEECFE97254BEDED00759228 /* ViewController.swift */ = {isa = PBXFileReference; lastKnownFileType = sourcecode.swift; path = ViewController.swift; sourceTree = "<group>"; };
		DEECFE9A254BEDED00759228 /* Base */ = {isa = PBXFileReference; lastKnownFileType = file.storyboard; name = Base; path = Base.lproj/Main.storyboard; sourceTree = "<group>"; };
		DEECFE9C254BEDEF00759228 /* Assets.xcassets */ = {isa = PBXFileReference; lastKnownFileType = folder.assetcatalog; path = Assets.xcassets; sourceTree = "<group>"; };
		DEECFE9F254BEDEF00759228 /* Base */ = {isa = PBXFileReference; lastKnownFileType = file.storyboard; name = Base; path = Base.lproj/LaunchScreen.storyboard; sourceTree = "<group>"; };
		DEECFEA1254BEDEF00759228 /* Info.plist */ = {isa = PBXFileReference; lastKnownFileType = text.plist.xml; path = Info.plist; sourceTree = "<group>"; };
		DEECFEA7254BEE3A00759228 /* RoundButton.swift */ = {isa = PBXFileReference; lastKnownFileType = sourcecode.swift; path = RoundButton.swift; sourceTree = "<group>"; };
/* End PBXFileReference section */

/* Begin PBXFrameworksBuildPhase section */
		DEECFE8D254BEDED00759228 /* Frameworks */ = {
			isa = PBXFrameworksBuildPhase;
			buildActionMask = 2147483647;
			files = (
			);
			runOnlyForDeploymentPostprocessing = 0;
		};
/* End PBXFrameworksBuildPhase section */

/* Begin PBXGroup section */
		DEECFE87254BEDED00759228 = {
			isa = PBXGroup;
			children = (
				DEECFE92254BEDED00759228 /* Rounded Buttons */,
				DEECFE91254BEDED00759228 /* Products */,
			);
			sourceTree = "<group>";
		};
		DEECFE91254BEDED00759228 /* Products */ = {
			isa = PBXGroup;
			children = (
				DEECFE90254BEDED00759228 /* Rounded Buttons.app */,
			);
			name = Products;
			sourceTree = "<group>";
		};
		DEECFE92254BEDED00759228 /* Rounded Buttons */ = {
			isa = PBXGroup;
			children = (
				DEECFE93254BEDED00759228 /* AppDelegate.swift */,
				DEECFE95254BEDED00759228 /* SceneDelegate.swift */,
				DEECFE97254BEDED00759228 /* ViewController.swift */,
				DEECFEA7254BEE3A00759228 /* RoundButton.swift */,
				DEECFE99254BEDED00759228 /* Main.storyboard */,
				DEECFE9C254BEDEF00759228 /* Assets.xcassets */,
				DEECFE9E254BEDEF00759228 /* LaunchScreen.storyboard */,
				DEECFEA1254BEDEF00759228 /* Info.plist */,
			);
			path = "Rounded Buttons";
			sourceTree = "<group>";
		};
/* End PBXGroup section */

/* Begin PBXNativeTarget section */
		DEECFE8F254BEDED00759228 /* Rounded Buttons */ = {
			isa = PBXNativeTarget;
			buildConfigurationList = DEECFEA4254BEDEF00759228 /* Build configuration list for PBXNativeTarget "Rounded Buttons" */;
			buildPhases = (
				DEECFE8C254BEDED00759228 /* Sources */,
				DEECFE8D254BEDED00759228 /* Frameworks */,
				DEECFE8E254BEDED00759228 /* Resources */,
			);
			buildRules = (
			);
			dependencies = (
			);
			name = "Rounded Buttons";
			productName = "Rounded Buttons";
			productReference = DEECFE90254BEDED00759228 /* Rounded Buttons.app */;
			productType = "com.apple.product-type.application";
		};
/* End PBXNativeTarget section */

/* Begin PBXProject section */
		DEECFE88254BEDED00759228 /* Project object */ = {
			isa = PBXProject;
			attributes = {
				LastSwiftUpdateCheck = 1110;
				LastUpgradeCheck = 1110;
				ORGANIZATIONNAME = "Adwait Barkale";
				TargetAttributes = {
					DEECFE8F254BEDED00759228 = {
						CreatedOnToolsVersion = 11.1;
					};
				};
			};
			buildConfigurationList = DEECFE8B254BEDED00759228 /* Build configuration list for PBXProject "Rounded Buttons" */;
			compatibilityVersion = "Xcode 9.3";
			developmentRegion = en;
			hasScannedForEncodings = 0;
			knownRegions = (
				en,
				Base,
			);
			mainGroup = DEECFE87254BEDED00759228;
			productRefGroup = DEECFE91254BEDED00759228 /* Products */;
			projectDirPath = "";
			projectRoot = "";
			targets = (
				DEECFE8F254BEDED00759228 /* Rounded Buttons */,
			);
		};
/* End PBXProject section */

/* Begin PBXResourcesBuildPhase section */
		DEECFE8E254BEDED00759228 /* Resources */ = {
			isa = PBXResourcesBuildPhase;
			buildActionMask = 2147483647;
			files = (
				DEECFEA0254BEDEF00759228 /* LaunchScreen.storyboard in Resources */,
				DEECFE9D254BEDEF00759228 /* Assets.xcassets in Resources */,
				DEECFE9B254BEDED00759228 /* Main.storyboard in Resources */,
			);
			runOnlyForDeploymentPostprocessing = 0;
		};
/* End PBXResourcesBuildPhase section */

/* Begin PBXSourcesBuildPhase section */
		DEECFE8C254BEDED00759228 /* Sources */ = {
			isa = PBXSourcesBuildPhase;
			buildActionMask = 2147483647;
			files = (
				DEECFEA8254BEE3A00759228 /* RoundButton.swift in Sources */,
				DEECFE98254BEDED00759228 /* ViewController.swift in Sources */,
				DEECFE94254BEDED00759228 /* AppDelegate.swift in Sources */,
				DEECFE96254BEDED00759228 /* SceneDelegate.swift in Sources */,
			);
			runOnlyForDeploymentPostprocessing = 0;
		};
/* End PBXSourcesBuildPhase section */

/* Begin PBXVariantGroup section */
		DEECFE99254BEDED00759228 /* Main.storyboard */ = {
			isa = PBXVariantGroup;
			children = (
				DEECFE9A254BEDED00759228 /* Base */,
			);
			name = Main.storyboard;
			sourceTree = "<group>";
		};
		DEECFE9E254BEDEF00759228 /* LaunchScreen.storyboard */ = {
			isa = PBXVariantGroup;
			children = (
				DEECFE9F254BEDEF00759228 /* Base */,
			);
			name = LaunchScreen.storyboard;
			sourceTree = "<group>";
		};
/* End PBXVariantGroup section */

/* Begin XCBuildConfiguration section */
		DEECFEA2254BEDEF00759228 /* Debug */ = {
			isa = XCBuildConfiguration;
			buildSettings = {
				ALWAYS_SEARCH_USER_PATHS = NO;
				CLANG_ANALYZER_NONNULL = YES;
				CLANG_ANALYZER_NUMBER_OBJECT_CONVERSION = YES_AGGRESSIVE;
				CLANG_CXX_LANGUAGE_STANDARD = "gnu++14";
				CLANG_CXX_LIBRARY = "libc++";
				CLANG_ENABLE_MODULES = YES;
				CLANG_ENABLE_OBJC_ARC = YES;
				CLANG_ENABLE_OBJC_WEAK = YES;
				CLANG_WARN_BLOCK_CAPTURE_AUTORELEASING = YES;
				CLANG_WARN_BOOL_CONVERSION = YES;
				CLANG_WARN_COMMA = YES;
				CLANG_WARN_CONSTANT_CONVERSION = YES;
				CLANG_WARN_DEPRECATED_OBJC_IMPLEMENTATIONS = YES;
				CLANG_WARN_DIRECT_OBJC_ISA_USAGE = YES_ERROR;
				CLANG_WARN_DOCUMENTATION_COMMENTS = YES;
				CLANG_WARN_EMPTY_BODY = YES;
				CLANG_WARN_ENUM_CONVERSION = YES;
				CLANG_WARN_INFINITE_RECURSION = YES;
				CLANG_WARN_INT_CONVERSION = YES;
				CLANG_WARN_NON_LITERAL_NULL_CONVERSION = YES;
				CLANG_WARN_OBJC_IMPLICIT_RETAIN_SELF = YES;
				CLANG_WARN_OBJC_LITERAL_CONVERSION = YES;
				CLANG_WARN_OBJC_ROOT_CLASS = YES_ERROR;
				CLANG_WARN_RANGE_LOOP_ANALYSIS = YES;
				CLANG_WARN_STRICT_PROTOTYPES = YES;
				CLANG_WARN_SUSPICIOUS_MOVE = YES;
				CLANG_WARN_UNGUARDED_AVAILABILITY = YES_AGGRESSIVE;
				CLANG_WARN_UNREACHABLE_CODE = YES;
				CLANG_WARN__DUPLICATE_METHOD_MATCH = YES;
				COPY_PHASE_STRIP = NO;
				DEBUG_INFORMATION_FORMAT = dwarf;
				ENABLE_STRICT_OBJC_MSGSEND = YES;
				ENABLE_TESTABILITY = YES;
				GCC_C_LANGUAGE_STANDARD = gnu11;
				GCC_DYNAMIC_NO_PIC = NO;
				GCC_NO_COMMON_BLOCKS = YES;
				GCC_OPTIMIZATION_LEVEL = 0;
				GCC_PREPROCESSOR_DEFINITIONS = (
					"DEBUG=1",
					"$(inherited)",
				);
				GCC_WARN_64_TO_32_BIT_CONVERSION = YES;
				GCC_WARN_ABOUT_RETURN_TYPE = YES_ERROR;
				GCC_WARN_UNDECLARED_SELECTOR = YES;
				GCC_WARN_UNINITIALIZED_AUTOS = YES_AGGRESSIVE;
				GCC_WARN_UNUSED_FUNCTION = YES;
				GCC_WARN_UNUSED_VARIABLE = YES;
				IPHONEOS_DEPLOYMENT_TARGET = 13.1;
				MTL_ENABLE_DEBUG_INFO = INCLUDE_SOURCE;
				MTL_FAST_MATH = YES;
				ONLY_ACTIVE_ARCH = YES;
				SDKROOT = iphoneos;
				SWIFT_ACTIVE_COMPILATION_CONDITIONS = DEBUG;
				SWIFT_OPTIMIZATION_LEVEL = "-Onone";
			};
			name = Debug;
		};
		DEECFEA3254BEDEF00759228 /* Release */ = {
			isa = XCBuildConfiguration;
			buildSettings = {
				ALWAYS_SEARCH_USER_PATHS = NO;
				CLANG_ANALYZER_NONNULL = YES;
				CLANG_ANALYZER_NUMBER_OBJECT_CONVERSION = YES_AGGRESSIVE;
				CLANG_CXX_LANGUAGE_STANDARD = "gnu++14";
				CLANG_CXX_LIBRARY = "libc++";
				CLANG_ENABLE_MODULES = YES;
				CLANG_ENABLE_OBJC_ARC = YES;
				CLANG_ENABLE_OBJC_WEAK = YES;
				CLANG_WARN_BLOCK_CAPTURE_AUTORELEASING = YES;
				CLANG_WARN_BOOL_CONVERSION = YES;
				CLANG_WARN_COMMA = YES;
				CLANG_WARN_CONSTANT_CONVERSION = YES;
				CLANG_WARN_DEPRECATED_OBJC_IMPLEMENTATIONS = YES;
				CLANG_WARN_DIRECT_OBJC_ISA_USAGE = YES_ERROR;
				CLANG_WARN_DOCUMENTATION_COMMENTS = YES;
				CLANG_WARN_EMPTY_BODY = YES;
				CLANG_WARN_ENUM_CONVERSION = YES;
				CLANG_WARN_INFINITE_RECURSION = YES;
				CLANG_WARN_INT_CONVERSION = YES;
				CLANG_WARN_NON_LITERAL_NULL_CONVERSION = YES;
				CLANG_WARN_OBJC_IMPLICIT_RETAIN_SELF = YES;
				CLANG_WARN_OBJC_LITERAL_CONVERSION = YES;
				CLANG_WARN_OBJC_ROOT_CLASS = YES_ERROR;
				CLANG_WARN_RANGE_LOOP_ANALYSIS = YES;
				CLANG_WARN_STRICT_PROTOTYPES = YES;
				CLANG_WARN_SUSPICIOUS_MOVE = YES;
				CLANG_WARN_UNGUARDED_AVAILABILITY = YES_AGGRESSIVE;
				CLANG_WARN_UNREACHABLE_CODE = YES;
				CLANG_WARN__DUPLICATE_METHOD_MATCH = YES;
				COPY_PHASE_STRIP = NO;
				DEBUG_INFORMATION_FORMAT = "dwarf-with-dsym";
				ENABLE_NS_ASSERTIONS = NO;
				ENABLE_STRICT_OBJC_MSGSEND = YES;
				GCC_C_LANGUAGE_STANDARD = gnu11;
				GCC_NO_COMMON_BLOCKS = YES;
				GCC_WARN_64_TO_32_BIT_CONVERSION = YES;
				GCC_WARN_ABOUT_RETURN_TYPE = YES_ERROR;
				GCC_WARN_UNDECLARED_SELECTOR = YES;
				GCC_WARN_UNINITIALIZED_AUTOS = YES_AGGRESSIVE;
				GCC_WARN_UNUSED_FUNCTION = YES;
				GCC_WARN_UNUSED_VARIABLE = YES;
				IPHONEOS_DEPLOYMENT_TARGET = 13.1;
				MTL_ENABLE_DEBUG_INFO = NO;
				MTL_FAST_MATH = YES;
				SDKROOT = iphoneos;
				SWIFT_COMPILATION_MODE = wholemodule;
				SWIFT_OPTIMIZATION_LEVEL = "-O";
				VALIDATE_PRODUCT = YES;
			};
			name = Release;
		};
		DEECFEA5254BEDEF00759228 /* Debug */ = {
			isa = XCBuildConfiguration;
			buildSettings = {
				ASSETCATALOG_COMPILER_APPICON_NAME = AppIcon;
				CODE_SIGN_STYLE = Automatic;
				DEVELOPMENT_TEAM = S59B8CL687;
				INFOPLIST_FILE = "Rounded Buttons/Info.plist";
				LD_RUNPATH_SEARCH_PATHS = (
					"$(inherited)",
					"@executable_path/Frameworks",
				);
				PRODUCT_BUNDLE_IDENTIFIER = "com.Adwait.Rounded-Buttons";
				PRODUCT_NAME = "$(TARGET_NAME)";
				SWIFT_VERSION = 5.0;
				TARGETED_DEVICE_FAMILY = "1,2";
			};
			name = Debug;
		};
		DEECFEA6254BEDEF00759228 /* Release */ = {
			isa = XCBuildConfiguration;
			buildSettings = {
				ASSETCATALOG_COMPILER_APPICON_NAME = AppIcon;
				CODE_SIGN_STYLE = Automatic;
				DEVELOPMENT_TEAM = S59B8CL687;
				INFOPLIST_FILE = "Rounded Buttons/Info.plist";
				LD_RUNPATH_SEARCH_PATHS = (
					"$(inherited)",
					"@executable_path/Frameworks",
				);
				PRODUCT_BUNDLE_IDENTIFIER = "com.Adwait.Rounded-Buttons";
				PRODUCT_NAME = "$(TARGET_NAME)";
				SWIFT_VERSION = 5.0;
				TARGETED_DEVICE_FAMILY = "1,2";
			};
			name = Release;
		};
/* End XCBuildConfiguration section */

/* Begin XCConfigurationList section */
		DEECFE8B254BEDED00759228 /* Build configuration list for PBXProject "Rounded Buttons" */ = {
			isa = XCConfigurationList;
			buildConfigurations = (
				DEECFEA2254BEDEF00759228 /* Debug */,
				DEECFEA3254BEDEF00759228 /* Release */,
			);
			defaultConfigurationIsVisible = 0;
			defaultConfigurationName = Release;
		};
		DEECFEA4254BEDEF00759228 /* Build configuration list for PBXNativeTarget "Rounded Buttons" */ = {
			isa = XCConfigurationList;
			buildConfigurations = (
				DEECFEA5254BEDEF00759228 /* Debug */,
				DEECFEA6254BEDEF00759228 /* Release */,
			);
			defaultConfigurationIsVisible = 0;
			defaultConfigurationName = Release;
		};
/* End XCConfigurationList section */
	};
	rootObject = DEECFE88254BEDED00759228 /* Project object */;
}
